
Microsoft Visual Studio Solution File, Format Version 12.00
# Visual Studio Version 16
VisualStudioVersion = 16.0.31515.178
MinimumVisualStudioVersion = 10.0.40219.1
Project("{FAE04EC0-301F-11D3-BF4B-00C04F79EFBC}") = "Pylypeiev.Extensions.MinimalPack", "Pylypeiev.Extensions.MinimalPack\Pylypeiev.Extensions.MinimalPack.csproj", "{AC44AFF0-2D40-4CD1-A38D-36AF43BEC926}"
EndProject
Global
	GlobalSection(SolutionConfigurationPlatforms) = preSolution
		Debug|Any CPU = Debug|Any CPU
		Release|Any CPU = Release|Any CPU
	EndGlobalSection
	GlobalSection(ProjectConfigurationPlatforms) = postSolution
		{AC44AFF0-2D40-4CD1-A38D-36AF43BEC926}.Debug|Any CPU.ActiveCfg = Debug|Any CPU
		{AC44AFF0-2D40-4CD1-A38D-36AF43BEC926}.Debug|Any CPU.Build.0 = Debug|Any CPU
		{AC44AFF0-2D40-4CD1-A38D-36AF43BEC926}.Release|Any CPU.ActiveCfg = Release|Any CPU
		{AC44AFF0-2D40-4CD1-A38D-36AF43BEC926}.Release|Any CPU.Build.0 = Release|Any CPU
	EndGlobalSection
	GlobalSection(SolutionProperties) = preSolution
		HideSolutionNode = FALSE
	EndGlobalSection
	GlobalSection(ExtensibilityGlobals) = postSolution
		SolutionGuid = {305FE78C-FCED-492C-9A71-99BD3BC61F66}
	EndGlobalSection
EndGlobal
